
Microsoft Visual Studio Solution File, Format Version 12.00
# Visual Studio Version 16
VisualStudioVersion = 16.0.29009.5
MinimumVisualStudioVersion = 10.0.40219.1
Project("{FAE04EC0-301F-11D3-BF4B-00C04F79EFBC}") = "ListaAcrescerSalarioFuncionario", "Lista-AcrescerSalarioFuncionario\ListaAcrescerSalarioFuncionario.csproj", "{E86ABCD0-2F62-4D90-914C-2FA48F98DC03}"
EndProject
Global
	GlobalSection(SolutionConfigurationPlatforms) = preSolution
		Debug|Any CPU = Debug|Any CPU
		Release|Any CPU = Release|Any CPU
	EndGlobalSection
	GlobalSection(ProjectConfigurationPlatforms) = postSolution
		{E86ABCD0-2F62-4D90-914C-2FA48F98DC03}.Debug|Any CPU.ActiveCfg = Debug|Any CPU
		{E86ABCD0-2F62-4D90-914C-2FA48F98DC03}.Debug|Any CPU.Build.0 = Debug|Any CPU
		{E86ABCD0-2F62-4D90-914C-2FA48F98DC03}.Release|Any CPU.ActiveCfg = Release|Any CPU
		{E86ABCD0-2F62-4D90-914C-2FA48F98DC03}.Release|Any CPU.Build.0 = Release|Any CPU
	EndGlobalSection
	GlobalSection(SolutionProperties) = preSolution
		HideSolutionNode = FALSE
	EndGlobalSection
	GlobalSection(ExtensibilityGlobals) = postSolution
		SolutionGuid = {0C44BCC3-EBAE-4E67-B941-DB63998531A4}
	EndGlobalSection
EndGlobal
